// !$*UTF8*$!
{
	archiveVersion = 1;
	classes = {
	};
	objectVersion = 46;
	objects = {

/* Begin PBXBuildFile section */
		159E17D37EE0542DA53E2FCA /* Pods_SmartCar.framework in Frameworks */ = {isa = PBXBuildFile; fileRef = F71D9A0442CF5A7F92E0E125 /* Pods_SmartCar.framework */; };
		2303F4B3BC42C402A415BD9D /* Pods_SmartCarTests.framework in Frameworks */ = {isa = PBXBuildFile; fileRef = 80DBDD678ED0DCFD8BE541D1 /* Pods_SmartCarTests.framework */; };
		3087A8608E0EADBDA453A705 /* Pods_SmartCarUITests.framework in Frameworks */ = {isa = PBXBuildFile; fileRef = F40590E46BCCA51D51DA4F4F /* Pods_SmartCarUITests.framework */; };
		737B55E51EB2EAEA0059D666 /* RxHelper.swift in Sources */ = {isa = PBXBuildFile; fileRef = 737B55E41EB2EAEA0059D666 /* RxHelper.swift */; };
		7399B2FE1EB2BA9400ECBB84 /* CarSmartsDevice.swift in Sources */ = {isa = PBXBuildFile; fileRef = 7399B2FD1EB2BA9400ECBB84 /* CarSmartsDevice.swift */; };
		7399B3001EB2BB1000ECBB84 /* DeviceManager.swift in Sources */ = {isa = PBXBuildFile; fileRef = 7399B2FF1EB2BB1000ECBB84 /* DeviceManager.swift */; };
		7399B3021EB2BCBF00ECBB84 /* CoreBluetooth.framework in Frameworks */ = {isa = PBXBuildFile; fileRef = 7399B3011EB2BCBF00ECBB84 /* CoreBluetooth.framework */; };
		7399B3041EB2C46A00ECBB84 /* DeviceListViewController.swift in Sources */ = {isa = PBXBuildFile; fileRef = 7399B3031EB2C46A00ECBB84 /* DeviceListViewController.swift */; };
		73CE154C1EB2B68F00F54E7E /* AppDelegate.swift in Sources */ = {isa = PBXBuildFile; fileRef = 73CE154B1EB2B68F00F54E7E /* AppDelegate.swift */; };
		73CE15511EB2B68F00F54E7E /* Main.storyboard in Resources */ = {isa = PBXBuildFile; fileRef = 73CE154F1EB2B68F00F54E7E /* Main.storyboard */; };
		73CE15531EB2B68F00F54E7E /* Assets.xcassets in Resources */ = {isa = PBXBuildFile; fileRef = 73CE15521EB2B68F00F54E7E /* Assets.xcassets */; };
		73CE15561EB2B68F00F54E7E /* LaunchScreen.storyboard in Resources */ = {isa = PBXBuildFile; fileRef = 73CE15541EB2B68F00F54E7E /* LaunchScreen.storyboard */; };
		73CE15611EB2B68F00F54E7E /* SmartCarTests.swift in Sources */ = {isa = PBXBuildFile; fileRef = 73CE15601EB2B68F00F54E7E /* SmartCarTests.swift */; };
		73CE156C1EB2B68F00F54E7E /* SmartCarUITests.swift in Sources */ = {isa = PBXBuildFile; fileRef = 73CE156B1EB2B68F00F54E7E /* SmartCarUITests.swift */; };
/* End PBXBuildFile section */

/* Begin PBXContainerItemProxy section */
		73CE155D1EB2B68F00F54E7E /* PBXContainerItemProxy */ = {
			isa = PBXContainerItemProxy;
			containerPortal = 73CE15401EB2B68F00F54E7E /* Project object */;
			proxyType = 1;
			remoteGlobalIDString = 73CE15471EB2B68F00F54E7E;
			remoteInfo = SmartCar;
		};
		73CE15681EB2B68F00F54E7E /* PBXContainerItemProxy */ = {
			isa = PBXContainerItemProxy;
			containerPortal = 73CE15401EB2B68F00F54E7E /* Project object */;
			proxyType = 1;
			remoteGlobalIDString = 73CE15471EB2B68F00F54E7E;
			remoteInfo = SmartCar;
		};
/* End PBXContainerItemProxy section */

/* Begin PBXFileReference section */
		1214D4B5B6B12423096DAB41 /* Pods-SmartCarUITests.release.xcconfig */ = {isa = PBXFileReference; includeInIndex = 1; lastKnownFileType = text.xcconfig; name = "Pods-SmartCarUITests.release.xcconfig"; path = "Pods/Target Support Files/Pods-SmartCarUITests/Pods-SmartCarUITests.release.xcconfig"; sourceTree = "<group>"; };
		737B55E41EB2EAEA0059D666 /* RxHelper.swift */ = {isa = PBXFileReference; fileEncoding = 4; lastKnownFileType = sourcecode.swift; path = RxHelper.swift; sourceTree = "<group>"; };
		7399B2FD1EB2BA9400ECBB84 /* CarSmartsDevice.swift */ = {isa = PBXFileReference; fileEncoding = 4; lastKnownFileType = sourcecode.swift; name = CarSmartsDevice.swift; path = Comunication/CarSmartsDevice.swift; sourceTree = "<group>"; };
		7399B2FF1EB2BB1000ECBB84 /* DeviceManager.swift */ = {isa = PBXFileReference; fileEncoding = 4; lastKnownFileType = sourcecode.swift; path = DeviceManager.swift; sourceTree = "<group>"; };
		7399B3011EB2BCBF00ECBB84 /* CoreBluetooth.framework */ = {isa = PBXFileReference; lastKnownFileType = wrapper.framework; name = CoreBluetooth.framework; path = System/Library/Frameworks/CoreBluetooth.framework; sourceTree = SDKROOT; };
		7399B3031EB2C46A00ECBB84 /* DeviceListViewController.swift */ = {isa = PBXFileReference; fileEncoding = 4; lastKnownFileType = sourcecode.swift; path = DeviceListViewController.swift; sourceTree = "<group>"; };
		73CE15481EB2B68F00F54E7E /* SmartCar.app */ = {isa = PBXFileReference; explicitFileType = wrapper.application; includeInIndex = 0; path = SmartCar.app; sourceTree = BUILT_PRODUCTS_DIR; };
		73CE154B1EB2B68F00F54E7E /* AppDelegate.swift */ = {isa = PBXFileReference; lastKnownFileType = sourcecode.swift; path = AppDelegate.swift; sourceTree = "<group>"; };
		73CE15501EB2B68F00F54E7E /* Base */ = {isa = PBXFileReference; lastKnownFileType = file.storyboard; name = Base; path = Base.lproj/Main.storyboard; sourceTree = "<group>"; };
		73CE15521EB2B68F00F54E7E /* Assets.xcassets */ = {isa = PBXFileReference; lastKnownFileType = folder.assetcatalog; path = Assets.xcassets; sourceTree = "<group>"; };
		73CE15551EB2B68F00F54E7E /* Base */ = {isa = PBXFileReference; lastKnownFileType = file.storyboard; name = Base; path = Base.lproj/LaunchScreen.storyboard; sourceTree = "<group>"; };
		73CE15571EB2B68F00F54E7E /* Info.plist */ = {isa = PBXFileReference; lastKnownFileType = text.plist.xml; path = Info.plist; sourceTree = "<group>"; };
		73CE155C1EB2B68F00F54E7E /* SmartCarTests.xctest */ = {isa = PBXFileReference; explicitFileType = wrapper.cfbundle; includeInIndex = 0; path = SmartCarTests.xctest; sourceTree = BUILT_PRODUCTS_DIR; };
		73CE15601EB2B68F00F54E7E /* SmartCarTests.swift */ = {isa = PBXFileReference; lastKnownFileType = sourcecode.swift; path = SmartCarTests.swift; sourceTree = "<group>"; };
		73CE15621EB2B68F00F54E7E /* Info.plist */ = {isa = PBXFileReference; lastKnownFileType = text.plist.xml; path = Info.plist; sourceTree = "<group>"; };
		73CE15671EB2B68F00F54E7E /* SmartCarUITests.xctest */ = {isa = PBXFileReference; explicitFileType = wrapper.cfbundle; includeInIndex = 0; path = SmartCarUITests.xctest; sourceTree = BUILT_PRODUCTS_DIR; };
		73CE156B1EB2B68F00F54E7E /* SmartCarUITests.swift */ = {isa = PBXFileReference; lastKnownFileType = sourcecode.swift; path = SmartCarUITests.swift; sourceTree = "<group>"; };
		73CE156D1EB2B68F00F54E7E /* Info.plist */ = {isa = PBXFileReference; lastKnownFileType = text.plist.xml; path = Info.plist; sourceTree = "<group>"; };
		76A4305060B49D62218656D1 /* Pods-SmartCarUITests.debug.xcconfig */ = {isa = PBXFileReference; includeInIndex = 1; lastKnownFileType = text.xcconfig; name = "Pods-SmartCarUITests.debug.xcconfig"; path = "Pods/Target Support Files/Pods-SmartCarUITests/Pods-SmartCarUITests.debug.xcconfig"; sourceTree = "<group>"; };
		80DBDD678ED0DCFD8BE541D1 /* Pods_SmartCarTests.framework */ = {isa = PBXFileReference; explicitFileType = wrapper.framework; includeInIndex = 0; path = Pods_SmartCarTests.framework; sourceTree = BUILT_PRODUCTS_DIR; };
		939ACBE9572836B106965197 /* Pods-SmartCar.release.xcconfig */ = {isa = PBXFileReference; includeInIndex = 1; lastKnownFileType = text.xcconfig; name = "Pods-SmartCar.release.xcconfig"; path = "Pods/Target Support Files/Pods-SmartCar/Pods-SmartCar.release.xcconfig"; sourceTree = "<group>"; };
		A449905223E2126EEE916C6C /* Pods-SmartCarTests.release.xcconfig */ = {isa = PBXFileReference; includeInIndex = 1; lastKnownFileType = text.xcconfig; name = "Pods-SmartCarTests.release.xcconfig"; path = "Pods/Target Support Files/Pods-SmartCarTests/Pods-SmartCarTests.release.xcconfig"; sourceTree = "<group>"; };
		CD7549AB9266608BF12E5E0E /* Pods-SmartCarTests.debug.xcconfig */ = {isa = PBXFileReference; includeInIndex = 1; lastKnownFileType = text.xcconfig; name = "Pods-SmartCarTests.debug.xcconfig"; path = "Pods/Target Support Files/Pods-SmartCarTests/Pods-SmartCarTests.debug.xcconfig"; sourceTree = "<group>"; };
		D92E37A52A44D5AE5BEDC1C4 /* Pods-SmartCar.debug.xcconfig */ = {isa = PBXFileReference; includeInIndex = 1; lastKnownFileType = text.xcconfig; name = "Pods-SmartCar.debug.xcconfig"; path = "Pods/Target Support Files/Pods-SmartCar/Pods-SmartCar.debug.xcconfig"; sourceTree = "<group>"; };
		F40590E46BCCA51D51DA4F4F /* Pods_SmartCarUITests.framework */ = {isa = PBXFileReference; explicitFileType = wrapper.framework; includeInIndex = 0; path = Pods_SmartCarUITests.framework; sourceTree = BUILT_PRODUCTS_DIR; };
		F71D9A0442CF5A7F92E0E125 /* Pods_SmartCar.framework */ = {isa = PBXFileReference; explicitFileType = wrapper.framework; includeInIndex = 0; path = Pods_SmartCar.framework; sourceTree = BUILT_PRODUCTS_DIR; };
/* End PBXFileReference section */

/* Begin PBXFrameworksBuildPhase section */
		73CE15451EB2B68F00F54E7E /* Frameworks */ = {
			isa = PBXFrameworksBuildPhase;
			buildActionMask = 2147483647;
			files = (
				7399B3021EB2BCBF00ECBB84 /* CoreBluetooth.framework in Frameworks */,
				159E17D37EE0542DA53E2FCA /* Pods_SmartCar.framework in Frameworks */,
			);
			runOnlyForDeploymentPostprocessing = 0;
		};
		73CE15591EB2B68F00F54E7E /* Frameworks */ = {
			isa = PBXFrameworksBuildPhase;
			buildActionMask = 2147483647;
			files = (
				2303F4B3BC42C402A415BD9D /* Pods_SmartCarTests.framework in Frameworks */,
			);
			runOnlyForDeploymentPostprocessing = 0;
		};
		73CE15641EB2B68F00F54E7E /* Frameworks */ = {
			isa = PBXFrameworksBuildPhase;
			buildActionMask = 2147483647;
			files = (
				3087A8608E0EADBDA453A705 /* Pods_SmartCarUITests.framework in Frameworks */,
			);
			runOnlyForDeploymentPostprocessing = 0;
		};
/* End PBXFrameworksBuildPhase section */

/* Begin PBXGroup section */
		7399B2FB1EB2BA3F00ECBB84 /* Supporting Files */ = {
			isa = PBXGroup;
			children = (
				73CE15521EB2B68F00F54E7E /* Assets.xcassets */,
				73CE15541EB2B68F00F54E7E /* LaunchScreen.storyboard */,
				73CE15571EB2B68F00F54E7E /* Info.plist */,
			);
			name = "Supporting Files";
			sourceTree = "<group>";
		};
		7399B2FC1EB2BA6A00ECBB84 /* Comunication */ = {
			isa = PBXGroup;
			children = (
				7399B2FD1EB2BA9400ECBB84 /* CarSmartsDevice.swift */,
				7399B2FF1EB2BB1000ECBB84 /* DeviceManager.swift */,
			);
			name = Comunication;
			sourceTree = "<group>";
		};
		73CE153F1EB2B68F00F54E7E = {
			isa = PBXGroup;
			children = (
				73CE154A1EB2B68F00F54E7E /* SmartCar */,
				73CE155F1EB2B68F00F54E7E /* SmartCarTests */,
				73CE156A1EB2B68F00F54E7E /* SmartCarUITests */,
				73CE15491EB2B68F00F54E7E /* Products */,
				D01C0DDF58023D007AD530DB /* Pods */,
				A34A92094D9C98D91512128E /* Frameworks */,
			);
			sourceTree = "<group>";
		};
		73CE15491EB2B68F00F54E7E /* Products */ = {
			isa = PBXGroup;
			children = (
				73CE15481EB2B68F00F54E7E /* SmartCar.app */,
				73CE155C1EB2B68F00F54E7E /* SmartCarTests.xctest */,
				73CE15671EB2B68F00F54E7E /* SmartCarUITests.xctest */,
			);
			name = Products;
			sourceTree = "<group>";
		};
		73CE154A1EB2B68F00F54E7E /* SmartCar */ = {
			isa = PBXGroup;
			children = (
				7399B2FC1EB2BA6A00ECBB84 /* Comunication */,
				73CE154B1EB2B68F00F54E7E /* AppDelegate.swift */,
				7399B3031EB2C46A00ECBB84 /* DeviceListViewController.swift */,
				737B55E41EB2EAEA0059D666 /* RxHelper.swift */,
				73CE154F1EB2B68F00F54E7E /* Main.storyboard */,
				7399B2FB1EB2BA3F00ECBB84 /* Supporting Files */,
			);
			path = SmartCar;
			sourceTree = "<group>";
		};
		73CE155F1EB2B68F00F54E7E /* SmartCarTests */ = {
			isa = PBXGroup;
			children = (
				73CE15601EB2B68F00F54E7E /* SmartCarTests.swift */,
				73CE15621EB2B68F00F54E7E /* Info.plist */,
			);
			path = SmartCarTests;
			sourceTree = "<group>";
		};
		73CE156A1EB2B68F00F54E7E /* SmartCarUITests */ = {
			isa = PBXGroup;
			children = (
				73CE156B1EB2B68F00F54E7E /* SmartCarUITests.swift */,
				73CE156D1EB2B68F00F54E7E /* Info.plist */,
			);
			path = SmartCarUITests;
			sourceTree = "<group>";
		};
		A34A92094D9C98D91512128E /* Frameworks */ = {
			isa = PBXGroup;
			children = (
				7399B3011EB2BCBF00ECBB84 /* CoreBluetooth.framework */,
				F71D9A0442CF5A7F92E0E125 /* Pods_SmartCar.framework */,
				80DBDD678ED0DCFD8BE541D1 /* Pods_SmartCarTests.framework */,
				F40590E46BCCA51D51DA4F4F /* Pods_SmartCarUITests.framework */,
			);
			name = Frameworks;
			sourceTree = "<group>";
		};
		D01C0DDF58023D007AD530DB /* Pods */ = {
			isa = PBXGroup;
			children = (
				D92E37A52A44D5AE5BEDC1C4 /* Pods-SmartCar.debug.xcconfig */,
				939ACBE9572836B106965197 /* Pods-SmartCar.release.xcconfig */,
				CD7549AB9266608BF12E5E0E /* Pods-SmartCarTests.debug.xcconfig */,
				A449905223E2126EEE916C6C /* Pods-SmartCarTests.release.xcconfig */,
				76A4305060B49D62218656D1 /* Pods-SmartCarUITests.debug.xcconfig */,
				1214D4B5B6B12423096DAB41 /* Pods-SmartCarUITests.release.xcconfig */,
			);
			name = Pods;
			sourceTree = "<group>";
		};
/* End PBXGroup section */

/* Begin PBXNativeTarget section */
		73CE15471EB2B68F00F54E7E /* SmartCar */ = {
			isa = PBXNativeTarget;
			buildConfigurationList = 73CE15701EB2B68F00F54E7E /* Build configuration list for PBXNativeTarget "SmartCar" */;
			buildPhases = (
				1276C0EC2A13B5BFFAD03C3F /* [CP] Check Pods Manifest.lock */,
				73CE15441EB2B68F00F54E7E /* Sources */,
				73CE15451EB2B68F00F54E7E /* Frameworks */,
				73CE15461EB2B68F00F54E7E /* Resources */,
				9620A8788914CB4E7454B3E9 /* [CP] Embed Pods Frameworks */,
				2DD4C8D0E9D25CDB02A99315 /* [CP] Copy Pods Resources */,
			);
			buildRules = (
			);
			dependencies = (
			);
			name = SmartCar;
			productName = SmartCar;
			productReference = 73CE15481EB2B68F00F54E7E /* SmartCar.app */;
			productType = "com.apple.product-type.application";
		};
		73CE155B1EB2B68F00F54E7E /* SmartCarTests */ = {
			isa = PBXNativeTarget;
			buildConfigurationList = 73CE15731EB2B68F00F54E7E /* Build configuration list for PBXNativeTarget "SmartCarTests" */;
			buildPhases = (
				F517A05F30A4F10795625E3C /* [CP] Check Pods Manifest.lock */,
				73CE15581EB2B68F00F54E7E /* Sources */,
				73CE15591EB2B68F00F54E7E /* Frameworks */,
				73CE155A1EB2B68F00F54E7E /* Resources */,
				4B13310B0DB920BD0CD8033C /* [CP] Embed Pods Frameworks */,
				A23F7F2DB96F973E4B736F8E /* [CP] Copy Pods Resources */,
			);
			buildRules = (
			);
			dependencies = (
				73CE155E1EB2B68F00F54E7E /* PBXTargetDependency */,
			);
			name = SmartCarTests;
			productName = SmartCarTests;
			productReference = 73CE155C1EB2B68F00F54E7E /* SmartCarTests.xctest */;
			productType = "com.apple.product-type.bundle.unit-test";
		};
		73CE15661EB2B68F00F54E7E /* SmartCarUITests */ = {
			isa = PBXNativeTarget;
			buildConfigurationList = 73CE15761EB2B68F00F54E7E /* Build configuration list for PBXNativeTarget "SmartCarUITests" */;
			buildPhases = (
				9C8987751001D47B9D6EE4D3 /* [CP] Check Pods Manifest.lock */,
				73CE15631EB2B68F00F54E7E /* Sources */,
				73CE15641EB2B68F00F54E7E /* Frameworks */,
				73CE15651EB2B68F00F54E7E /* Resources */,
				E8FC083B522E157C4AB97495 /* [CP] Embed Pods Frameworks */,
				3B1EB425BD45AA8F128C9C0A /* [CP] Copy Pods Resources */,
			);
			buildRules = (
			);
			dependencies = (
				73CE15691EB2B68F00F54E7E /* PBXTargetDependency */,
			);
			name = SmartCarUITests;
			productName = SmartCarUITests;
			productReference = 73CE15671EB2B68F00F54E7E /* SmartCarUITests.xctest */;
			productType = "com.apple.product-type.bundle.ui-testing";
		};
/* End PBXNativeTarget section */

/* Begin PBXProject section */
		73CE15401EB2B68F00F54E7E /* Project object */ = {
			isa = PBXProject;
			attributes = {
				LastSwiftUpdateCheck = 0830;
				LastUpgradeCheck = 0830;
				ORGANIZATIONNAME = "Robert Smith";
				TargetAttributes = {
					73CE15471EB2B68F00F54E7E = {
						CreatedOnToolsVersion = 8.3.2;
						DevelopmentTeam = CB8792S7AP;
						ProvisioningStyle = Automatic;
						SystemCapabilities = {
							com.apple.BackgroundModes = {
								enabled = 1;
							};
						};
					};
					73CE155B1EB2B68F00F54E7E = {
						CreatedOnToolsVersion = 8.3.2;
						DevelopmentTeam = CB8792S7AP;
						ProvisioningStyle = Automatic;
						TestTargetID = 73CE15471EB2B68F00F54E7E;
					};
					73CE15661EB2B68F00F54E7E = {
						CreatedOnToolsVersion = 8.3.2;
						DevelopmentTeam = CB8792S7AP;
						ProvisioningStyle = Automatic;
						TestTargetID = 73CE15471EB2B68F00F54E7E;
					};
				};
			};
			buildConfigurationList = 73CE15431EB2B68F00F54E7E /* Build configuration list for PBXProject "SmartCar" */;
			compatibilityVersion = "Xcode 3.2";
			developmentRegion = English;
			hasScannedForEncodings = 0;
			knownRegions = (
				en,
				Base,
			);
			mainGroup = 73CE153F1EB2B68F00F54E7E;
			productRefGroup = 73CE15491EB2B68F00F54E7E /* Products */;
			projectDirPath = "";
			projectRoot = "";
			targets = (
				73CE15471EB2B68F00F54E7E /* SmartCar */,
				73CE155B1EB2B68F00F54E7E /* SmartCarTests */,
				73CE15661EB2B68F00F54E7E /* SmartCarUITests */,
			);
		};
/* End PBXProject section */

/* Begin PBXResourcesBuildPhase section */
		73CE15461EB2B68F00F54E7E /* Resources */ = {
			isa = PBXResourcesBuildPhase;
			buildActionMask = 2147483647;
			files = (
				73CE15561EB2B68F00F54E7E /* LaunchScreen.storyboard in Resources */,
				73CE15531EB2B68F00F54E7E /* Assets.xcassets in Resources */,
				73CE15511EB2B68F00F54E7E /* Main.storyboard in Resources */,
			);
			runOnlyForDeploymentPostprocessing = 0;
		};
		73CE155A1EB2B68F00F54E7E /* Resources */ = {
			isa = PBXResourcesBuildPhase;
			buildActionMask = 2147483647;
			files = (
			);
			runOnlyForDeploymentPostprocessing = 0;
		};
		73CE15651EB2B68F00F54E7E /* Resources */ = {
			isa = PBXResourcesBuildPhase;
			buildActionMask = 2147483647;
			files = (
			);
			runOnlyForDeploymentPostprocessing = 0;
		};
/* End PBXResourcesBuildPhase section */

/* Begin PBXShellScriptBuildPhase section */
		1276C0EC2A13B5BFFAD03C3F /* [CP] Check Pods Manifest.lock */ = {
			isa = PBXShellScriptBuildPhase;
			buildActionMask = 2147483647;
			files = (
			);
			inputPaths = (
			);
			name = "[CP] Check Pods Manifest.lock";
			outputPaths = (
			);
			runOnlyForDeploymentPostprocessing = 0;
			shellPath = /bin/sh;
			shellScript = "diff \"${PODS_ROOT}/../Podfile.lock\" \"${PODS_ROOT}/Manifest.lock\" > /dev/null\nif [ $? != 0 ] ; then\n    # print error to STDERR\n    echo \"error: The sandbox is not in sync with the Podfile.lock. Run 'pod install' or update your CocoaPods installation.\" >&2\n    exit 1\nfi\n";
			showEnvVarsInLog = 0;
		};
		2DD4C8D0E9D25CDB02A99315 /* [CP] Copy Pods Resources */ = {
			isa = PBXShellScriptBuildPhase;
			buildActionMask = 2147483647;
			files = (
			);
			inputPaths = (
			);
			name = "[CP] Copy Pods Resources";
			outputPaths = (
			);
			runOnlyForDeploymentPostprocessing = 0;
			shellPath = /bin/sh;
			shellScript = "\"${SRCROOT}/Pods/Target Support Files/Pods-SmartCar/Pods-SmartCar-resources.sh\"\n";
			showEnvVarsInLog = 0;
		};
		3B1EB425BD45AA8F128C9C0A /* [CP] Copy Pods Resources */ = {
			isa = PBXShellScriptBuildPhase;
			buildActionMask = 2147483647;
			files = (
			);
			inputPaths = (
			);
			name = "[CP] Copy Pods Resources";
			outputPaths = (
			);
			runOnlyForDeploymentPostprocessing = 0;
			shellPath = /bin/sh;
			shellScript = "\"${SRCROOT}/Pods/Target Support Files/Pods-SmartCarUITests/Pods-SmartCarUITests-resources.sh\"\n";
			showEnvVarsInLog = 0;
		};
		4B13310B0DB920BD0CD8033C /* [CP] Embed Pods Frameworks */ = {
			isa = PBXShellScriptBuildPhase;
			buildActionMask = 2147483647;
			files = (
			);
			inputPaths = (
			);
			name = "[CP] Embed Pods Frameworks";
			outputPaths = (
			);
			runOnlyForDeploymentPostprocessing = 0;
			shellPath = /bin/sh;
			shellScript = "\"${SRCROOT}/Pods/Target Support Files/Pods-SmartCarTests/Pods-SmartCarTests-frameworks.sh\"\n";
			showEnvVarsInLog = 0;
		};
		9620A8788914CB4E7454B3E9 /* [CP] Embed Pods Frameworks */ = {
			isa = PBXShellScriptBuildPhase;
			buildActionMask = 2147483647;
			files = (
			);
			inputPaths = (
			);
			name = "[CP] Embed Pods Frameworks";
			outputPaths = (
			);
			runOnlyForDeploymentPostprocessing = 0;
			shellPath = /bin/sh;
			shellScript = "\"${SRCROOT}/Pods/Target Support Files/Pods-SmartCar/Pods-SmartCar-frameworks.sh\"\n";
			showEnvVarsInLog = 0;
		};
		9C8987751001D47B9D6EE4D3 /* [CP] Check Pods Manifest.lock */ = {
			isa = PBXShellScriptBuildPhase;
			buildActionMask = 2147483647;
			files = (
			);
			inputPaths = (
			);
			name = "[CP] Check Pods Manifest.lock";
			outputPaths = (
			);
			runOnlyForDeploymentPostprocessing = 0;
			shellPath = /bin/sh;
			shellScript = "diff \"${PODS_ROOT}/../Podfile.lock\" \"${PODS_ROOT}/Manifest.lock\" > /dev/null\nif [ $? != 0 ] ; then\n    # print error to STDERR\n    echo \"error: The sandbox is not in sync with the Podfile.lock. Run 'pod install' or update your CocoaPods installation.\" >&2\n    exit 1\nfi\n";
			showEnvVarsInLog = 0;
		};
		A23F7F2DB96F973E4B736F8E /* [CP] Copy Pods Resources */ = {
			isa = PBXShellScriptBuildPhase;
			buildActionMask = 2147483647;
			files = (
			);
			inputPaths = (
			);
			name = "[CP] Copy Pods Resources";
			outputPaths = (
			);
			runOnlyForDeploymentPostprocessing = 0;
			shellPath = /bin/sh;
			shellScript = "\"${SRCROOT}/Pods/Target Support Files/Pods-SmartCarTests/Pods-SmartCarTests-resources.sh\"\n";
			showEnvVarsInLog = 0;
		};
		E8FC083B522E157C4AB97495 /* [CP] Embed Pods Frameworks */ = {
			isa = PBXShellScriptBuildPhase;
			buildActionMask = 2147483647;
			files = (
			);
			inputPaths = (
			);
			name = "[CP] Embed Pods Frameworks";
			outputPaths = (
			);
			runOnlyForDeploymentPostprocessing = 0;
			shellPath = /bin/sh;
			shellScript = "\"${SRCROOT}/Pods/Target Support Files/Pods-SmartCarUITests/Pods-SmartCarUITests-frameworks.sh\"\n";
			showEnvVarsInLog = 0;
		};
		F517A05F30A4F10795625E3C /* [CP] Check Pods Manifest.lock */ = {
			isa = PBXShellScriptBuildPhase;
			buildActionMask = 2147483647;
			files = (
			);
			inputPaths = (
			);
			name = "[CP] Check Pods Manifest.lock";
			outputPaths = (
			);
			runOnlyForDeploymentPostprocessing = 0;
			shellPath = /bin/sh;
			shellScript = "diff \"${PODS_ROOT}/../Podfile.lock\" \"${PODS_ROOT}/Manifest.lock\" > /dev/null\nif [ $? != 0 ] ; then\n    # print error to STDERR\n    echo \"error: The sandbox is not in sync with the Podfile.lock. Run 'pod install' or update your CocoaPods installation.\" >&2\n    exit 1\nfi\n";
			showEnvVarsInLog = 0;
		};
/* End PBXShellScriptBuildPhase section */

/* Begin PBXSourcesBuildPhase section */
		73CE15441EB2B68F00F54E7E /* Sources */ = {
			isa = PBXSourcesBuildPhase;
			buildActionMask = 2147483647;
			files = (
				7399B3041EB2C46A00ECBB84 /* DeviceListViewController.swift in Sources */,
				7399B3001EB2BB1000ECBB84 /* DeviceManager.swift in Sources */,
				7399B2FE1EB2BA9400ECBB84 /* CarSmartsDevice.swift in Sources */,
				73CE154C1EB2B68F00F54E7E /* AppDelegate.swift in Sources */,
				737B55E51EB2EAEA0059D666 /* RxHelper.swift in Sources */,
			);
			runOnlyForDeploymentPostprocessing = 0;
		};
		73CE15581EB2B68F00F54E7E /* Sources */ = {
			isa = PBXSourcesBuildPhase;
			buildActionMask = 2147483647;
			files = (
				73CE15611EB2B68F00F54E7E /* SmartCarTests.swift in Sources */,
			);
			runOnlyForDeploymentPostprocessing = 0;
		};
		73CE15631EB2B68F00F54E7E /* Sources */ = {
			isa = PBXSourcesBuildPhase;
			buildActionMask = 2147483647;
			files = (
				73CE156C1EB2B68F00F54E7E /* SmartCarUITests.swift in Sources */,
			);
			runOnlyForDeploymentPostprocessing = 0;
		};
/* End PBXSourcesBuildPhase section */

/* Begin PBXTargetDependency section */
		73CE155E1EB2B68F00F54E7E /* PBXTargetDependency */ = {
			isa = PBXTargetDependency;
			target = 73CE15471EB2B68F00F54E7E /* SmartCar */;
			targetProxy = 73CE155D1EB2B68F00F54E7E /* PBXContainerItemProxy */;
		};
		73CE15691EB2B68F00F54E7E /* PBXTargetDependency */ = {
			isa = PBXTargetDependency;
			target = 73CE15471EB2B68F00F54E7E /* SmartCar */;
			targetProxy = 73CE15681EB2B68F00F54E7E /* PBXContainerItemProxy */;
		};
/* End PBXTargetDependency section */

/* Begin PBXVariantGroup section */
		73CE154F1EB2B68F00F54E7E /* Main.storyboard */ = {
			isa = PBXVariantGroup;
			children = (
				73CE15501EB2B68F00F54E7E /* Base */,
			);
			name = Main.storyboard;
			sourceTree = "<group>";
		};
		73CE15541EB2B68F00F54E7E /* LaunchScreen.storyboard */ = {
			isa = PBXVariantGroup;
			children = (
				73CE15551EB2B68F00F54E7E /* Base */,
			);
			name = LaunchScreen.storyboard;
			sourceTree = "<group>";
		};
/* End PBXVariantGroup section */

/* Begin XCBuildConfiguration section */
		73CE156E1EB2B68F00F54E7E /* Debug */ = {
			isa = XCBuildConfiguration;
			buildSettings = {
				ALWAYS_SEARCH_USER_PATHS = NO;
				CLANG_ANALYZER_NONNULL = YES;
				CLANG_ANALYZER_NUMBER_OBJECT_CONVERSION = YES_AGGRESSIVE;
				CLANG_CXX_LANGUAGE_STANDARD = "gnu++0x";
				CLANG_CXX_LIBRARY = "libc++";
				CLANG_ENABLE_MODULES = YES;
				CLANG_ENABLE_OBJC_ARC = YES;
				CLANG_WARN_BOOL_CONVERSION = YES;
				CLANG_WARN_CONSTANT_CONVERSION = YES;
				CLANG_WARN_DIRECT_OBJC_ISA_USAGE = YES_ERROR;
				CLANG_WARN_DOCUMENTATION_COMMENTS = YES;
				CLANG_WARN_EMPTY_BODY = YES;
				CLANG_WARN_ENUM_CONVERSION = YES;
				CLANG_WARN_INFINITE_RECURSION = YES;
				CLANG_WARN_INT_CONVERSION = YES;
				CLANG_WARN_OBJC_ROOT_CLASS = YES_ERROR;
				CLANG_WARN_SUSPICIOUS_MOVE = YES;
				CLANG_WARN_UNREACHABLE_CODE = YES;
				CLANG_WARN__DUPLICATE_METHOD_MATCH = YES;
				"CODE_SIGN_IDENTITY[sdk=iphoneos*]" = "iPhone Developer";
				COPY_PHASE_STRIP = NO;
				DEBUG_INFORMATION_FORMAT = dwarf;
				ENABLE_STRICT_OBJC_MSGSEND = YES;
				ENABLE_TESTABILITY = YES;
				GCC_C_LANGUAGE_STANDARD = gnu99;
				GCC_DYNAMIC_NO_PIC = NO;
				GCC_NO_COMMON_BLOCKS = YES;
				GCC_OPTIMIZATION_LEVEL = 0;
				GCC_PREPROCESSOR_DEFINITIONS = (
					"DEBUG=1",
					"$(inherited)",
				);
				GCC_WARN_64_TO_32_BIT_CONVERSION = YES;
				GCC_WARN_ABOUT_RETURN_TYPE = YES_ERROR;
				GCC_WARN_UNDECLARED_SELECTOR = YES;
				GCC_WARN_UNINITIALIZED_AUTOS = YES_AGGRESSIVE;
				GCC_WARN_UNUSED_FUNCTION = YES;
				GCC_WARN_UNUSED_VARIABLE = YES;
				IPHONEOS_DEPLOYMENT_TARGET = 10.3;
				MTL_ENABLE_DEBUG_INFO = YES;
				ONLY_ACTIVE_ARCH = YES;
				SDKROOT = iphoneos;
				SWIFT_ACTIVE_COMPILATION_CONDITIONS = DEBUG;
				SWIFT_OPTIMIZATION_LEVEL = "-Onone";
				TARGETED_DEVICE_FAMILY = "1,2";
			};
			name = Debug;
		};
		73CE156F1EB2B68F00F54E7E /* Release */ = {
			isa = XCBuildConfiguration;
			buildSettings = {
				ALWAYS_SEARCH_USER_PATHS = NO;
				CLANG_ANALYZER_NONNULL = YES;
				CLANG_ANALYZER_NUMBER_OBJECT_CONVERSION = YES_AGGRESSIVE;
				CLANG_CXX_LANGUAGE_STANDARD = "gnu++0x";
				CLANG_CXX_LIBRARY = "libc++";
				CLANG_ENABLE_MODULES = YES;
				CLANG_ENABLE_OBJC_ARC = YES;
				CLANG_WARN_BOOL_CONVERSION = YES;
				CLANG_WARN_CONSTANT_CONVERSION = YES;
				CLANG_WARN_DIRECT_OBJC_ISA_USAGE = YES_ERROR;
				CLANG_WARN_DOCUMENTATION_COMMENTS = YES;
				CLANG_WARN_EMPTY_BODY = YES;
				CLANG_WARN_ENUM_CONVERSION = YES;
				CLANG_WARN_INFINITE_RECURSION = YES;
				CLANG_WARN_INT_CONVERSION = YES;
				CLANG_WARN_OBJC_ROOT_CLASS = YES_ERROR;
				CLANG_WARN_SUSPICIOUS_MOVE = YES;
				CLANG_WARN_UNREACHABLE_CODE = YES;
				CLANG_WARN__DUPLICATE_METHOD_MATCH = YES;
				"CODE_SIGN_IDENTITY[sdk=iphoneos*]" = "iPhone Developer";
				COPY_PHASE_STRIP = NO;
				DEBUG_INFORMATION_FORMAT = "dwarf-with-dsym";
				ENABLE_NS_ASSERTIONS = NO;
				ENABLE_STRICT_OBJC_MSGSEND = YES;
				GCC_C_LANGUAGE_STANDARD = gnu99;
				GCC_NO_COMMON_BLOCKS = YES;
				GCC_WARN_64_TO_32_BIT_CONVERSION = YES;
				GCC_WARN_ABOUT_RETURN_TYPE = YES_ERROR;
				GCC_WARN_UNDECLARED_SELECTOR = YES;
				GCC_WARN_UNINITIALIZED_AUTOS = YES_AGGRESSIVE;
				GCC_WARN_UNUSED_FUNCTION = YES;
				GCC_WARN_UNUSED_VARIABLE = YES;
				IPHONEOS_DEPLOYMENT_TARGET = 10.3;
				MTL_ENABLE_DEBUG_INFO = NO;
				SDKROOT = iphoneos;
				SWIFT_OPTIMIZATION_LEVEL = "-Owholemodule";
				TARGETED_DEVICE_FAMILY = "1,2";
				VALIDATE_PRODUCT = YES;
			};
			name = Release;
		};
		73CE15711EB2B68F00F54E7E /* Debug */ = {
			isa = XCBuildConfiguration;
			baseConfigurationReference = D92E37A52A44D5AE5BEDC1C4 /* Pods-SmartCar.debug.xcconfig */;
			buildSettings = {
				ASSETCATALOG_COMPILER_APPICON_NAME = AppIcon;
				DEVELOPMENT_TEAM = CB8792S7AP;
				INFOPLIST_FILE = SmartCar/Info.plist;
				LD_RUNPATH_SEARCH_PATHS = "$(inherited) @executable_path/Frameworks";
				PRODUCT_BUNDLE_IDENTIFIER = RJSDev.SmartCar;
				PRODUCT_NAME = "$(TARGET_NAME)";
				SWIFT_VERSION = 3.0;
			};
			name = Debug;
		};
		73CE15721EB2B68F00F54E7E /* Release */ = {
			isa = XCBuildConfiguration;
			baseConfigurationReference = 939ACBE9572836B106965197 /* Pods-SmartCar.release.xcconfig */;
			buildSettings = {
				ASSETCATALOG_COMPILER_APPICON_NAME = AppIcon;
				DEVELOPMENT_TEAM = CB8792S7AP;
				INFOPLIST_FILE = SmartCar/Info.plist;
				LD_RUNPATH_SEARCH_PATHS = "$(inherited) @executable_path/Frameworks";
				PRODUCT_BUNDLE_IDENTIFIER = RJSDev.SmartCar;
				PRODUCT_NAME = "$(TARGET_NAME)";
				SWIFT_VERSION = 3.0;
			};
			name = Release;
		};
		73CE15741EB2B68F00F54E7E /* Debug */ = {
			isa = XCBuildConfiguration;
			baseConfigurationReference = CD7549AB9266608BF12E5E0E /* Pods-SmartCarTests.debug.xcconfig */;
			buildSettings = {
				ALWAYS_EMBED_SWIFT_STANDARD_LIBRARIES = YES;
				BUNDLE_LOADER = "$(TEST_HOST)";
				DEVELOPMENT_TEAM = CB8792S7AP;
				INFOPLIST_FILE = SmartCarTests/Info.plist;
				LD_RUNPATH_SEARCH_PATHS = "$(inherited) @executable_path/Frameworks @loader_path/Frameworks";
				PRODUCT_BUNDLE_IDENTIFIER = RJSDev.SmartCarTests;
				PRODUCT_NAME = "$(TARGET_NAME)";
				SWIFT_VERSION = 3.0;
				TEST_HOST = "$(BUILT_PRODUCTS_DIR)/SmartCar.app/SmartCar";
			};
			name = Debug;
		};
		73CE15751EB2B68F00F54E7E /* Release */ = {
			isa = XCBuildConfiguration;
			baseConfigurationReference = A449905223E2126EEE916C6C /* Pods-SmartCarTests.release.xcconfig */;
			buildSettings = {
				ALWAYS_EMBED_SWIFT_STANDARD_LIBRARIES = YES;
				BUNDLE_LOADER = "$(TEST_HOST)";
				DEVELOPMENT_TEAM = CB8792S7AP;
				INFOPLIST_FILE = SmartCarTests/Info.plist;
				LD_RUNPATH_SEARCH_PATHS = "$(inherited) @executable_path/Frameworks @loader_path/Frameworks";
				PRODUCT_BUNDLE_IDENTIFIER = RJSDev.SmartCarTests;
				PRODUCT_NAME = "$(TARGET_NAME)";
				SWIFT_VERSION = 3.0;
				TEST_HOST = "$(BUILT_PRODUCTS_DIR)/SmartCar.app/SmartCar";
			};
			name = Release;
		};
		73CE15771EB2B68F00F54E7E /* Debug */ = {
			isa = XCBuildConfiguration;
			baseConfigurationReference = 76A4305060B49D62218656D1 /* Pods-SmartCarUITests.debug.xcconfig */;
			buildSettings = {
				ALWAYS_EMBED_SWIFT_STANDARD_LIBRARIES = YES;
				DEVELOPMENT_TEAM = CB8792S7AP;
				INFOPLIST_FILE = SmartCarUITests/Info.plist;
				LD_RUNPATH_SEARCH_PATHS = "$(inherited) @executable_path/Frameworks @loader_path/Frameworks";
				PRODUCT_BUNDLE_IDENTIFIER = RJSDev.SmartCarUITests;
				PRODUCT_NAME = "$(TARGET_NAME)";
				SWIFT_VERSION = 3.0;
				TEST_TARGET_NAME = SmartCar;
			};
			name = Debug;
		};
		73CE15781EB2B68F00F54E7E /* Release */ = {
			isa = XCBuildConfiguration;
			baseConfigurationReference = 1214D4B5B6B12423096DAB41 /* Pods-SmartCarUITests.release.xcconfig */;
			buildSettings = {
				ALWAYS_EMBED_SWIFT_STANDARD_LIBRARIES = YES;
				DEVELOPMENT_TEAM = CB8792S7AP;
				INFOPLIST_FILE = SmartCarUITests/Info.plist;
				LD_RUNPATH_SEARCH_PATHS = "$(inherited) @executable_path/Frameworks @loader_path/Frameworks";
				PRODUCT_BUNDLE_IDENTIFIER = RJSDev.SmartCarUITests;
				PRODUCT_NAME = "$(TARGET_NAME)";
				SWIFT_VERSION = 3.0;
				TEST_TARGET_NAME = SmartCar;
			};
			name = Release;
		};
/* End XCBuildConfiguration section */

/* Begin XCConfigurationList section */
		73CE15431EB2B68F00F54E7E /* Build configuration list for PBXProject "SmartCar" */ = {
			isa = XCConfigurationList;
			buildConfigurations = (
				73CE156E1EB2B68F00F54E7E /* Debug */,
				73CE156F1EB2B68F00F54E7E /* Release */,
			);
			defaultConfigurationIsVisible = 0;
			defaultConfigurationName = Release;
		};
		73CE15701EB2B68F00F54E7E /* Build configuration list for PBXNativeTarget "SmartCar" */ = {
			isa = XCConfigurationList;
			buildConfigurations = (
				73CE15711EB2B68F00F54E7E /* Debug */,
				73CE15721EB2B68F00F54E7E /* Release */,
			);
			defaultConfigurationIsVisible = 0;
			defaultConfigurationName = Release;
		};
		73CE15731EB2B68F00F54E7E /* Build configuration list for PBXNativeTarget "SmartCarTests" */ = {
			isa = XCConfigurationList;
			buildConfigurations = (
				73CE15741EB2B68F00F54E7E /* Debug */,
				73CE15751EB2B68F00F54E7E /* Release */,
			);
			defaultConfigurationIsVisible = 0;
			defaultConfigurationName = Release;
		};
		73CE15761EB2B68F00F54E7E /* Build configuration list for PBXNativeTarget "SmartCarUITests" */ = {
			isa = XCConfigurationList;
			buildConfigurations = (
				73CE15771EB2B68F00F54E7E /* Debug */,
				73CE15781EB2B68F00F54E7E /* Release */,
			);
			defaultConfigurationIsVisible = 0;
			defaultConfigurationName = Release;
		};
/* End XCConfigurationList section */
	};
	rootObject = 73CE15401EB2B68F00F54E7E /* Project object */;
}
